
Microsoft Visual Studio Solution File, Format Version 12.00
# Visual Studio Version 16
VisualStudioVersion = 16.0.29613.14
MinimumVisualStudioVersion = 10.0.40219.1
Project("{FAE04EC0-301F-11D3-BF4B-00C04F79EFBC}") = "Курсовой проект ТРЗБД", "Курсовой проект ТРЗБД.csproj", "{91A31CC0-2209-4C23-8513-5EFF97CC5041}"
EndProject
Global
	GlobalSection(SolutionConfigurationPlatforms) = preSolution
		Debug|Any CPU = Debug|Any CPU
		Release|Any CPU = Release|Any CPU
	EndGlobalSection
	GlobalSection(ProjectConfigurationPlatforms) = postSolution
		{91A31CC0-2209-4C23-8513-5EFF97CC5041}.Debug|Any CPU.ActiveCfg = Debug|Any CPU
		{91A31CC0-2209-4C23-8513-5EFF97CC5041}.Debug|Any CPU.Build.0 = Debug|Any CPU
		{91A31CC0-2209-4C23-8513-5EFF97CC5041}.Release|Any CPU.ActiveCfg = Release|Any CPU
		{91A31CC0-2209-4C23-8513-5EFF97CC5041}.Release|Any CPU.Build.0 = Release|Any CPU
	EndGlobalSection
	GlobalSection(SolutionProperties) = preSolution
		HideSolutionNode = FALSE
	EndGlobalSection
	GlobalSection(ExtensibilityGlobals) = postSolution
		SolutionGuid = {5EDD3959-CA56-408D-BE63-25AD41258028}
	EndGlobalSection
EndGlobal
